{
  "name": "confluent-examples-nodejs",
  "version": "5.4.1",
  "lockfileVersion": 1,
  "requires": true,
  "dependencies": {
    "bindings": {
      "version": "1.3.1",
      "resolved": "https://registry.npmjs.org/bindings/-/bindings-1.3.1.tgz",
      "integrity": "sha512-i47mqjF9UbjxJhxGf+pZ6kSxrnI3wBLlnGI2ArWJ4r0VrvDS7ZYXkprq/pLaBWYq4GM0r4zdHY+NNRqEMU7uew=="
    },
    "minimist": {
      "version": "1.2.3",
      "resolved": "https://registry.npmjs.org/minimist/-/minimist-1.2.3.tgz",
      "integrity": "sha512-+bMdgqjMN/Z77a6NlY/I3U5LlRDbnmaAk6lDveAPKwSpcPM4tKAuYsvYF8xjhOPXhOYGe/73vVLVez5PW+jqhw=="
    },
    "nan": {
      "version": "2.12.1",
      "resolved": "https://registry.npmjs.org/nan/-/nan-2.12.1.tgz",
      "integrity": "sha512-JY7V6lRkStKcKTvHO5NVSQRv+RV+FIL5pvDoLiAtSL9pKlC5x9PKQcZDsq7m4FO4d57mkhC6Z+QhAh3Jdk5JFw=="
    },
    "node-rdkafka": {
      "version": "2.5.1",
      "resolved": "https://registry.npmjs.org/node-rdkafka/-/node-rdkafka-2.5.1.tgz",
      "integrity": "sha512-tC7LeyshdZEds+nx0RicLn9Cam0ahpGIDNY+QAD82K/UpD2rAMIM4K/Z8NUnlnvCaLukA7229agSMogG23XcTA==",
      "requires": {
        "bindings": "^1.3.1",
        "nan": "^2.11.1"
      }
    }
  }
}
